
Microsoft Visual Studio Solution File, Format Version 12.00
# Visual Studio Version 17
VisualStudioVersion = 17.5.33424.131
MinimumVisualStudioVersion = 10.0.40219.1
Project("{9A19103F-16F7-4668-BE54-9A1E7A4F7556}") = "eShopSolution.WebApp", "eShopSolution.WebApp\eShopSolution.WebApp.csproj", "{09D51F90-38E4-49C8-B2B1-8CB68E7E1D6F}"
EndProject
Project("{2150E333-8FDC-42A3-9474-1A3956D46DE8}") = "Solution Items", "Solution Items", "{F3648820-0F38-41E4-9B82-8DF29062A3EF}"
	ProjectSection(SolutionItems) = preProject
		README.txt = README.txt
	EndProjectSection
EndProject
Project("{FAE04EC0-301F-11D3-BF4B-00C04F79EFBC}") = "eShopSolution.Data", "eShopSolution.Data\eShopSolution.Data.csproj", "{96CF6389-60F7-4162-946E-259CB29C6DF9}"
EndProject
Project("{FAE04EC0-301F-11D3-BF4B-00C04F79EFBC}") = "eShopSolution.Aplication", "eShopSolution.Aplication\eShopSolution.Aplication.csproj", "{707C7E7F-E530-4B5D-83D0-FBBD78D0C393}"
EndProject
Global
	GlobalSection(SolutionConfigurationPlatforms) = preSolution
		Debug|Any CPU = Debug|Any CPU
		Release|Any CPU = Release|Any CPU
	EndGlobalSection
	GlobalSection(ProjectConfigurationPlatforms) = postSolution
		{09D51F90-38E4-49C8-B2B1-8CB68E7E1D6F}.Debug|Any CPU.ActiveCfg = Debug|Any CPU
		{09D51F90-38E4-49C8-B2B1-8CB68E7E1D6F}.Debug|Any CPU.Build.0 = Debug|Any CPU
		{09D51F90-38E4-49C8-B2B1-8CB68E7E1D6F}.Release|Any CPU.ActiveCfg = Release|Any CPU
		{09D51F90-38E4-49C8-B2B1-8CB68E7E1D6F}.Release|Any CPU.Build.0 = Release|Any CPU
		{96CF6389-60F7-4162-946E-259CB29C6DF9}.Debug|Any CPU.ActiveCfg = Debug|Any CPU
		{96CF6389-60F7-4162-946E-259CB29C6DF9}.Debug|Any CPU.Build.0 = Debug|Any CPU
		{96CF6389-60F7-4162-946E-259CB29C6DF9}.Release|Any CPU.ActiveCfg = Release|Any CPU
		{96CF6389-60F7-4162-946E-259CB29C6DF9}.Release|Any CPU.Build.0 = Release|Any CPU
		{707C7E7F-E530-4B5D-83D0-FBBD78D0C393}.Debug|Any CPU.ActiveCfg = Debug|Any CPU
		{707C7E7F-E530-4B5D-83D0-FBBD78D0C393}.Debug|Any CPU.Build.0 = Debug|Any CPU
		{707C7E7F-E530-4B5D-83D0-FBBD78D0C393}.Release|Any CPU.ActiveCfg = Release|Any CPU
		{707C7E7F-E530-4B5D-83D0-FBBD78D0C393}.Release|Any CPU.Build.0 = Release|Any CPU
	EndGlobalSection
	GlobalSection(SolutionProperties) = preSolution
		HideSolutionNode = FALSE
	EndGlobalSection
	GlobalSection(ExtensibilityGlobals) = postSolution
		SolutionGuid = {13DFAFD3-DFE6-4EC7-88A8-2850DE432113}
	EndGlobalSection
EndGlobal
